
Microsoft Visual Studio Solution File, Format Version 12.00
# Visual Studio Version 17
VisualStudioVersion = 17.6.33723.286
MinimumVisualStudioVersion = 10.0.40219.1
Project("{FAE04EC0-301F-11D3-BF4B-00C04F79EFBC}") = "GraphProject2D", "GraphProject\GraphProject2D.csproj", "{6DCD45C7-78DF-4924-AA3C-9F9FA8D7EE2D}"
EndProject
Project("{FAE04EC0-301F-11D3-BF4B-00C04F79EFBC}") = "GraphProject3D", "GraphProject3D\GraphProject3D.csproj", "{64BE54DC-E7C1-4766-AC98-A84F14016302}"
EndProject
Global
	GlobalSection(SolutionConfigurationPlatforms) = preSolution
		Debug|Any CPU = Debug|Any CPU
		Release|Any CPU = Release|Any CPU
	EndGlobalSection
	GlobalSection(ProjectConfigurationPlatforms) = postSolution
		{6DCD45C7-78DF-4924-AA3C-9F9FA8D7EE2D}.Debug|Any CPU.ActiveCfg = Debug|Any CPU
		{6DCD45C7-78DF-4924-AA3C-9F9FA8D7EE2D}.Debug|Any CPU.Build.0 = Debug|Any CPU
		{6DCD45C7-78DF-4924-AA3C-9F9FA8D7EE2D}.Release|Any CPU.ActiveCfg = Release|Any CPU
		{6DCD45C7-78DF-4924-AA3C-9F9FA8D7EE2D}.Release|Any CPU.Build.0 = Release|Any CPU
		{64BE54DC-E7C1-4766-AC98-A84F14016302}.Debug|Any CPU.ActiveCfg = Debug|Any CPU
		{64BE54DC-E7C1-4766-AC98-A84F14016302}.Debug|Any CPU.Build.0 = Debug|Any CPU
		{64BE54DC-E7C1-4766-AC98-A84F14016302}.Release|Any CPU.ActiveCfg = Release|Any CPU
		{64BE54DC-E7C1-4766-AC98-A84F14016302}.Release|Any CPU.Build.0 = Release|Any CPU
	EndGlobalSection
	GlobalSection(SolutionProperties) = preSolution
		HideSolutionNode = FALSE
	EndGlobalSection
	GlobalSection(ExtensibilityGlobals) = postSolution
		SolutionGuid = {97DFC74D-1B24-4A07-B1B0-E83A5178A726}
	EndGlobalSection
EndGlobal
